// !$*UTF8*$!
{
	archiveVersion = 1;
	classes = {
	};
	objectVersion = 50;
	objects = {

/* Begin PBXBuildFile section */
		B55A0BFA27E5EC7800FB379E /* AppDelegate.swift in Sources */ = {isa = PBXBuildFile; fileRef = B55A0BF927E5EC7800FB379E /* AppDelegate.swift */; };
		B55A0BFC27E5EC7800FB379E /* SceneDelegate.swift in Sources */ = {isa = PBXBuildFile; fileRef = B55A0BFB27E5EC7800FB379E /* SceneDelegate.swift */; };
		B55A0BFE27E5EC7800FB379E /* MoviesViewController.swift in Sources */ = {isa = PBXBuildFile; fileRef = B55A0BFD27E5EC7800FB379E /* MoviesViewController.swift */; };
		B55A0C0327E5EC7A00FB379E /* Assets.xcassets in Resources */ = {isa = PBXBuildFile; fileRef = B55A0C0227E5EC7A00FB379E /* Assets.xcassets */; };
		B55A0C0627E5EC7A00FB379E /* LaunchScreen.storyboard in Resources */ = {isa = PBXBuildFile; fileRef = B55A0C0427E5EC7A00FB379E /* LaunchScreen.storyboard */; };
		B55A0C1027E5EE1F00FB379E /* MovieView.swift in Sources */ = {isa = PBXBuildFile; fileRef = B55A0C0F27E5EE1F00FB379E /* MovieView.swift */; };
		B55A0C1227E5F38300FB379E /* Constatns.swift in Sources */ = {isa = PBXBuildFile; fileRef = B55A0C1127E5F38300FB379E /* Constatns.swift */; };
		B55A0C1527E5F5F000FB379E /* Movie.swift in Sources */ = {isa = PBXBuildFile; fileRef = B55A0C1427E5F5F000FB379E /* Movie.swift */; };
		B566B24627E64F5B0023EF4D /* SearchViewController.swift in Sources */ = {isa = PBXBuildFile; fileRef = B566B24527E64F5B0023EF4D /* SearchViewController.swift */; };
/* End PBXBuildFile section */

/* Begin PBXFileReference section */
		B55A0BF627E5EC7800FB379E /* mdleypunskiyPW8.app */ = {isa = PBXFileReference; explicitFileType = wrapper.application; includeInIndex = 0; path = mdleypunskiyPW8.app; sourceTree = BUILT_PRODUCTS_DIR; };
		B55A0BF927E5EC7800FB379E /* AppDelegate.swift */ = {isa = PBXFileReference; lastKnownFileType = sourcecode.swift; path = AppDelegate.swift; sourceTree = "<group>"; };
		B55A0BFB27E5EC7800FB379E /* SceneDelegate.swift */ = {isa = PBXFileReference; lastKnownFileType = sourcecode.swift; path = SceneDelegate.swift; sourceTree = "<group>"; };
		B55A0BFD27E5EC7800FB379E /* MoviesViewController.swift */ = {isa = PBXFileReference; lastKnownFileType = sourcecode.swift; path = MoviesViewController.swift; sourceTree = "<group>"; };
		B55A0C0227E5EC7A00FB379E /* Assets.xcassets */ = {isa = PBXFileReference; lastKnownFileType = folder.assetcatalog; path = Assets.xcassets; sourceTree = "<group>"; };
		B55A0C0527E5EC7A00FB379E /* Base */ = {isa = PBXFileReference; lastKnownFileType = file.storyboard; name = Base; path = Base.lproj/LaunchScreen.storyboard; sourceTree = "<group>"; };
		B55A0C0727E5EC7A00FB379E /* Info.plist */ = {isa = PBXFileReference; lastKnownFileType = text.plist.xml; path = Info.plist; sourceTree = "<group>"; };
		B55A0C0F27E5EE1F00FB379E /* MovieView.swift */ = {isa = PBXFileReference; lastKnownFileType = sourcecode.swift; path = MovieView.swift; sourceTree = "<group>"; };
		B55A0C1127E5F38300FB379E /* Constatns.swift */ = {isa = PBXFileReference; lastKnownFileType = sourcecode.swift; path = Constatns.swift; sourceTree = "<group>"; };
		B55A0C1427E5F5F000FB379E /* Movie.swift */ = {isa = PBXFileReference; lastKnownFileType = sourcecode.swift; path = Movie.swift; sourceTree = "<group>"; };
		B566B24527E64F5B0023EF4D /* SearchViewController.swift */ = {isa = PBXFileReference; lastKnownFileType = sourcecode.swift; path = SearchViewController.swift; sourceTree = "<group>"; };
/* End PBXFileReference section */

/* Begin PBXFrameworksBuildPhase section */
		B55A0BF327E5EC7800FB379E /* Frameworks */ = {
			isa = PBXFrameworksBuildPhase;
			buildActionMask = 2147483647;
			files = (
			);
			runOnlyForDeploymentPostprocessing = 0;
		};
/* End PBXFrameworksBuildPhase section */

/* Begin PBXGroup section */
		B55A0BED27E5EC7800FB379E = {
			isa = PBXGroup;
			children = (
				B55A0BF827E5EC7800FB379E /* mdleypunskiyPW8 */,
				B55A0BF727E5EC7800FB379E /* Products */,
			);
			sourceTree = "<group>";
		};
		B55A0BF727E5EC7800FB379E /* Products */ = {
			isa = PBXGroup;
			children = (
				B55A0BF627E5EC7800FB379E /* mdleypunskiyPW8.app */,
			);
			name = Products;
			sourceTree = "<group>";
		};
		B55A0BF827E5EC7800FB379E /* mdleypunskiyPW8 */ = {
			isa = PBXGroup;
			children = (
				B55A0C1327E5F5D600FB379E /* Models */,
				B55A0C0E27E5EDF700FB379E /* Views */,
				B55A0C0D27E5ED4900FB379E /* Controllers */,
				B55A0BF927E5EC7800FB379E /* AppDelegate.swift */,
				B55A0BFB27E5EC7800FB379E /* SceneDelegate.swift */,
				B55A0C0227E5EC7A00FB379E /* Assets.xcassets */,
				B55A0C0427E5EC7A00FB379E /* LaunchScreen.storyboard */,
				B55A0C0727E5EC7A00FB379E /* Info.plist */,
				B55A0C1127E5F38300FB379E /* Constatns.swift */,
			);
			path = mdleypunskiyPW8;
			sourceTree = "<group>";
		};
		B55A0C0D27E5ED4900FB379E /* Controllers */ = {
			isa = PBXGroup;
			children = (
				B55A0BFD27E5EC7800FB379E /* MoviesViewController.swift */,
				B566B24527E64F5B0023EF4D /* SearchViewController.swift */,
			);
			path = Controllers;
			sourceTree = "<group>";
		};
		B55A0C0E27E5EDF700FB379E /* Views */ = {
			isa = PBXGroup;
			children = (
				B55A0C0F27E5EE1F00FB379E /* MovieView.swift */,
			);
			path = Views;
			sourceTree = "<group>";
		};
		B55A0C1327E5F5D600FB379E /* Models */ = {
			isa = PBXGroup;
			children = (
				B55A0C1427E5F5F000FB379E /* Movie.swift */,
			);
			path = Models;
			sourceTree = "<group>";
		};
/* End PBXGroup section */

/* Begin PBXNativeTarget section */
		B55A0BF527E5EC7800FB379E /* mdleypunskiyPW8 */ = {
			isa = PBXNativeTarget;
			buildConfigurationList = B55A0C0A27E5EC7A00FB379E /* Build configuration list for PBXNativeTarget "mdleypunskiyPW8" */;
			buildPhases = (
				B55A0BF227E5EC7800FB379E /* Sources */,
				B55A0BF327E5EC7800FB379E /* Frameworks */,
				B55A0BF427E5EC7800FB379E /* Resources */,
			);
			buildRules = (
			);
			dependencies = (
			);
			name = mdleypunskiyPW8;
			productName = mdleypunskiyPW8;
			productReference = B55A0BF627E5EC7800FB379E /* mdleypunskiyPW8.app */;
			productType = "com.apple.product-type.application";
		};
/* End PBXNativeTarget section */

/* Begin PBXProject section */
		B55A0BEE27E5EC7800FB379E /* Project object */ = {
			isa = PBXProject;
			attributes = {
				LastSwiftUpdateCheck = 1250;
				LastUpgradeCheck = 1250;
				TargetAttributes = {
					B55A0BF527E5EC7800FB379E = {
						CreatedOnToolsVersion = 12.5.1;
					};
				};
			};
			buildConfigurationList = B55A0BF127E5EC7800FB379E /* Build configuration list for PBXProject "mdleypunskiyPW8" */;
			compatibilityVersion = "Xcode 9.3";
			developmentRegion = en;
			hasScannedForEncodings = 0;
			knownRegions = (
				en,
				Base,
			);
			mainGroup = B55A0BED27E5EC7800FB379E;
			productRefGroup = B55A0BF727E5EC7800FB379E /* Products */;
			projectDirPath = "";
			projectRoot = "";
			targets = (
				B55A0BF527E5EC7800FB379E /* mdleypunskiyPW8 */,
			);
		};
/* End PBXProject section */

/* Begin PBXResourcesBuildPhase section */
		B55A0BF427E5EC7800FB379E /* Resources */ = {
			isa = PBXResourcesBuildPhase;
			buildActionMask = 2147483647;
			files = (
				B55A0C0627E5EC7A00FB379E /* LaunchScreen.storyboard in Resources */,
				B55A0C0327E5EC7A00FB379E /* Assets.xcassets in Resources */,
			);
			runOnlyForDeploymentPostprocessing = 0;
		};
/* End PBXResourcesBuildPhase section */

/* Begin PBXSourcesBuildPhase section */
		B55A0BF227E5EC7800FB379E /* Sources */ = {
			isa = PBXSourcesBuildPhase;
			buildActionMask = 2147483647;
			files = (
				B55A0BFE27E5EC7800FB379E /* MoviesViewController.swift in Sources */,
				B566B24627E64F5B0023EF4D /* SearchViewController.swift in Sources */,
				B55A0C1027E5EE1F00FB379E /* MovieView.swift in Sources */,
				B55A0C1527E5F5F000FB379E /* Movie.swift in Sources */,
				B55A0BFA27E5EC7800FB379E /* AppDelegate.swift in Sources */,
				B55A0C1227E5F38300FB379E /* Constatns.swift in Sources */,
				B55A0BFC27E5EC7800FB379E /* SceneDelegate.swift in Sources */,
			);
			runOnlyForDeploymentPostprocessing = 0;
		};
/* End PBXSourcesBuildPhase section */

/* Begin PBXVariantGroup section */
		B55A0C0427E5EC7A00FB379E /* LaunchScreen.storyboard */ = {
			isa = PBXVariantGroup;
			children = (
				B55A0C0527E5EC7A00FB379E /* Base */,
			);
			name = LaunchScreen.storyboard;
			sourceTree = "<group>";
		};
/* End PBXVariantGroup section */

/* Begin XCBuildConfiguration section */
		B55A0C0827E5EC7A00FB379E /* Debug */ = {
			isa = XCBuildConfiguration;
			buildSettings = {
				ALWAYS_SEARCH_USER_PATHS = NO;
				CLANG_ANALYZER_NONNULL = YES;
				CLANG_ANALYZER_NUMBER_OBJECT_CONVERSION = YES_AGGRESSIVE;
				CLANG_CXX_LANGUAGE_STANDARD = "gnu++14";
				CLANG_CXX_LIBRARY = "libc++";
				CLANG_ENABLE_MODULES = YES;
				CLANG_ENABLE_OBJC_ARC = YES;
				CLANG_ENABLE_OBJC_WEAK = YES;
				CLANG_WARN_BLOCK_CAPTURE_AUTORELEASING = YES;
				CLANG_WARN_BOOL_CONVERSION = YES;
				CLANG_WARN_COMMA = YES;
				CLANG_WARN_CONSTANT_CONVERSION = YES;
				CLANG_WARN_DEPRECATED_OBJC_IMPLEMENTATIONS = YES;
				CLANG_WARN_DIRECT_OBJC_ISA_USAGE = YES_ERROR;
				CLANG_WARN_DOCUMENTATION_COMMENTS = YES;
				CLANG_WARN_EMPTY_BODY = YES;
				CLANG_WARN_ENUM_CONVERSION = YES;
				CLANG_WARN_INFINITE_RECURSION = YES;
				CLANG_WARN_INT_CONVERSION = YES;
				CLANG_WARN_NON_LITERAL_NULL_CONVERSION = YES;
				CLANG_WARN_OBJC_IMPLICIT_RETAIN_SELF = YES;
				CLANG_WARN_OBJC_LITERAL_CONVERSION = YES;
				CLANG_WARN_OBJC_ROOT_CLASS = YES_ERROR;
				CLANG_WARN_QUOTED_INCLUDE_IN_FRAMEWORK_HEADER = YES;
				CLANG_WARN_RANGE_LOOP_ANALYSIS = YES;
				CLANG_WARN_STRICT_PROTOTYPES = YES;
				CLANG_WARN_SUSPICIOUS_MOVE = YES;
				CLANG_WARN_UNGUARDED_AVAILABILITY = YES_AGGRESSIVE;
				CLANG_WARN_UNREACHABLE_CODE = YES;
				CLANG_WARN__DUPLICATE_METHOD_MATCH = YES;
				COPY_PHASE_STRIP = NO;
				DEBUG_INFORMATION_FORMAT = dwarf;
				ENABLE_STRICT_OBJC_MSGSEND = YES;
				ENABLE_TESTABILITY = YES;
				GCC_C_LANGUAGE_STANDARD = gnu11;
				GCC_DYNAMIC_NO_PIC = NO;
				GCC_NO_COMMON_BLOCKS = YES;
				GCC_OPTIMIZATION_LEVEL = 0;
				GCC_PREPROCESSOR_DEFINITIONS = (
					"DEBUG=1",
					"$(inherited)",
				);
				GCC_WARN_64_TO_32_BIT_CONVERSION = YES;
				GCC_WARN_ABOUT_RETURN_TYPE = YES_ERROR;
				GCC_WARN_UNDECLARED_SELECTOR = YES;
				GCC_WARN_UNINITIALIZED_AUTOS = YES_AGGRESSIVE;
				GCC_WARN_UNUSED_FUNCTION = YES;
				GCC_WARN_UNUSED_VARIABLE = YES;
				IPHONEOS_DEPLOYMENT_TARGET = 14.5;
				MTL_ENABLE_DEBUG_INFO = INCLUDE_SOURCE;
				MTL_FAST_MATH = YES;
				ONLY_ACTIVE_ARCH = YES;
				SDKROOT = iphoneos;
				SWIFT_ACTIVE_COMPILATION_CONDITIONS = DEBUG;
				SWIFT_OPTIMIZATION_LEVEL = "-Onone";
			};
			name = Debug;
		};
		B55A0C0927E5EC7A00FB379E /* Release */ = {
			isa = XCBuildConfiguration;
			buildSettings = {
				ALWAYS_SEARCH_USER_PATHS = NO;
				CLANG_ANALYZER_NONNULL = YES;
				CLANG_ANALYZER_NUMBER_OBJECT_CONVERSION = YES_AGGRESSIVE;
				CLANG_CXX_LANGUAGE_STANDARD = "gnu++14";
				CLANG_CXX_LIBRARY = "libc++";
				CLANG_ENABLE_MODULES = YES;
				CLANG_ENABLE_OBJC_ARC = YES;
				CLANG_ENABLE_OBJC_WEAK = YES;
				CLANG_WARN_BLOCK_CAPTURE_AUTORELEASING = YES;
				CLANG_WARN_BOOL_CONVERSION = YES;
				CLANG_WARN_COMMA = YES;
				CLANG_WARN_CONSTANT_CONVERSION = YES;
				CLANG_WARN_DEPRECATED_OBJC_IMPLEMENTATIONS = YES;
				CLANG_WARN_DIRECT_OBJC_ISA_USAGE = YES_ERROR;
				CLANG_WARN_DOCUMENTATION_COMMENTS = YES;
				CLANG_WARN_EMPTY_BODY = YES;
				CLANG_WARN_ENUM_CONVERSION = YES;
				CLANG_WARN_INFINITE_RECURSION = YES;
				CLANG_WARN_INT_CONVERSION = YES;
				CLANG_WARN_NON_LITERAL_NULL_CONVERSION = YES;
				CLANG_WARN_OBJC_IMPLICIT_RETAIN_SELF = YES;
				CLANG_WARN_OBJC_LITERAL_CONVERSION = YES;
				CLANG_WARN_OBJC_ROOT_CLASS = YES_ERROR;
				CLANG_WARN_QUOTED_INCLUDE_IN_FRAMEWORK_HEADER = YES;
				CLANG_WARN_RANGE_LOOP_ANALYSIS = YES;
				CLANG_WARN_STRICT_PROTOTYPES = YES;
				CLANG_WARN_SUSPICIOUS_MOVE = YES;
				CLANG_WARN_UNGUARDED_AVAILABILITY = YES_AGGRESSIVE;
				CLANG_WARN_UNREACHABLE_CODE = YES;
				CLANG_WARN__DUPLICATE_METHOD_MATCH = YES;
				COPY_PHASE_STRIP = NO;
				DEBUG_INFORMATION_FORMAT = "dwarf-with-dsym";
				ENABLE_NS_ASSERTIONS = NO;
				ENABLE_STRICT_OBJC_MSGSEND = YES;
				GCC_C_LANGUAGE_STANDARD = gnu11;
				GCC_NO_COMMON_BLOCKS = YES;
				GCC_WARN_64_TO_32_BIT_CONVERSION = YES;
				GCC_WARN_ABOUT_RETURN_TYPE = YES_ERROR;
				GCC_WARN_UNDECLARED_SELECTOR = YES;
				GCC_WARN_UNINITIALIZED_AUTOS = YES_AGGRESSIVE;
				GCC_WARN_UNUSED_FUNCTION = YES;
				GCC_WARN_UNUSED_VARIABLE = YES;
				IPHONEOS_DEPLOYMENT_TARGET = 14.5;
				MTL_ENABLE_DEBUG_INFO = NO;
				MTL_FAST_MATH = YES;
				SDKROOT = iphoneos;
				SWIFT_COMPILATION_MODE = wholemodule;
				SWIFT_OPTIMIZATION_LEVEL = "-O";
				VALIDATE_PRODUCT = YES;
			};
			name = Release;
		};
		B55A0C0B27E5EC7A00FB379E /* Debug */ = {
			isa = XCBuildConfiguration;
			buildSettings = {
				ASSETCATALOG_COMPILER_APPICON_NAME = AppIcon;
				ASSETCATALOG_COMPILER_GLOBAL_ACCENT_COLOR_NAME = AccentColor;
				CODE_SIGN_STYLE = Automatic;
				DEVELOPMENT_TEAM = 4Z3SGZ5ZPA;
				INFOPLIST_FILE = mdleypunskiyPW8/Info.plist;
				LD_RUNPATH_SEARCH_PATHS = (
					"$(inherited)",
					"@executable_path/Frameworks",
				);
				PRODUCT_BUNDLE_IDENTIFIER = edu.hse.mdleypunskiyPW8;
				PRODUCT_NAME = "$(TARGET_NAME)";
				SWIFT_VERSION = 5.0;
				TARGETED_DEVICE_FAMILY = "1,2";
			};
			name = Debug;
		};
		B55A0C0C27E5EC7A00FB379E /* Release */ = {
			isa = XCBuildConfiguration;
			buildSettings = {
				ASSETCATALOG_COMPILER_APPICON_NAME = AppIcon;
				ASSETCATALOG_COMPILER_GLOBAL_ACCENT_COLOR_NAME = AccentColor;
				CODE_SIGN_STYLE = Automatic;
				DEVELOPMENT_TEAM = 4Z3SGZ5ZPA;
				INFOPLIST_FILE = mdleypunskiyPW8/Info.plist;
				LD_RUNPATH_SEARCH_PATHS = (
					"$(inherited)",
					"@executable_path/Frameworks",
				);
				PRODUCT_BUNDLE_IDENTIFIER = edu.hse.mdleypunskiyPW8;
				PRODUCT_NAME = "$(TARGET_NAME)";
				SWIFT_VERSION = 5.0;
				TARGETED_DEVICE_FAMILY = "1,2";
			};
			name = Release;
		};
/* End XCBuildConfiguration section */

/* Begin XCConfigurationList section */
		B55A0BF127E5EC7800FB379E /* Build configuration list for PBXProject "mdleypunskiyPW8" */ = {
			isa = XCConfigurationList;
			buildConfigurations = (
				B55A0C0827E5EC7A00FB379E /* Debug */,
				B55A0C0927E5EC7A00FB379E /* Release */,
			);
			defaultConfigurationIsVisible = 0;
			defaultConfigurationName = Release;
		};
		B55A0C0A27E5EC7A00FB379E /* Build configuration list for PBXNativeTarget "mdleypunskiyPW8" */ = {
			isa = XCConfigurationList;
			buildConfigurations = (
				B55A0C0B27E5EC7A00FB379E /* Debug */,
				B55A0C0C27E5EC7A00FB379E /* Release */,
			);
			defaultConfigurationIsVisible = 0;
			defaultConfigurationName = Release;
		};
/* End XCConfigurationList section */
	};
	rootObject = B55A0BEE27E5EC7800FB379E /* Project object */;
}
